
Microsoft Visual Studio Solution File, Format Version 12.00
# Visual Studio Version 17
VisualStudioVersion = 17.4.33213.308
MinimumVisualStudioVersion = 10.0.40219.1
Project("{FAE04EC0-301F-11D3-BF4B-00C04F79EFBC}") = "StatybuWeb", "StatybuWeb\StatybuWeb.csproj", "{D9A0F5D7-6DC4-47E4-A497-C7074FE0A04F}"
EndProject
Global
	GlobalSection(SolutionConfigurationPlatforms) = preSolution
		Debug|Any CPU = Debug|Any CPU
		Release|Any CPU = Release|Any CPU
	EndGlobalSection
	GlobalSection(ProjectConfigurationPlatforms) = postSolution
		{D9A0F5D7-6DC4-47E4-A497-C7074FE0A04F}.Debug|Any CPU.ActiveCfg = Debug|Any CPU
		{D9A0F5D7-6DC4-47E4-A497-C7074FE0A04F}.Debug|Any CPU.Build.0 = Debug|Any CPU
		{D9A0F5D7-6DC4-47E4-A497-C7074FE0A04F}.Release|Any CPU.ActiveCfg = Release|Any CPU
		{D9A0F5D7-6DC4-47E4-A497-C7074FE0A04F}.Release|Any CPU.Build.0 = Release|Any CPU
	EndGlobalSection
	GlobalSection(SolutionProperties) = preSolution
		HideSolutionNode = FALSE
	EndGlobalSection
	GlobalSection(ExtensibilityGlobals) = postSolution
		SolutionGuid = {AC3B5027-6D52-4CA5-BBA1-192803B5EFD7}
	EndGlobalSection
EndGlobal
